
Microsoft Visual Studio Solution File, Format Version 12.00
# Visual Studio Version 17
VisualStudioVersion = 17.3.32819.101
MinimumVisualStudioVersion = 10.0.40219.1
Project("{9A19103F-16F7-4668-BE54-9A1E7A4F7556}") = "NewtonsMethod(Tangent)", "NewtonsMethod\NewtonsMethod(Tangent).csproj", "{BC0E2415-6392-4A7D-A04E-8456D42457B3}"
EndProject
Project("{9A19103F-16F7-4668-BE54-9A1E7A4F7556}") = "SuccessiveApprox", "SuccessiveApprox\SuccessiveApprox.csproj", "{39581A48-633D-46C5-8A5B-D890DF66AB5B}"
EndProject
Project("{9A19103F-16F7-4668-BE54-9A1E7A4F7556}") = "SecantMethod", "SecantMethod\SecantMethod.csproj", "{748D6B54-836A-4E10-B71A-A2FDD65D58D6}"
EndProject
Project("{FAE04EC0-301F-11D3-BF4B-00C04F79EFBC}") = "BisectionMethod", "BisectionMethod\BisectionMethod.csproj", "{F1B66B4B-4772-4858-8576-774FB6A57992}"
EndProject
Global
	GlobalSection(SolutionConfigurationPlatforms) = preSolution
		Debug|Any CPU = Debug|Any CPU
		Release|Any CPU = Release|Any CPU
	EndGlobalSection
	GlobalSection(ProjectConfigurationPlatforms) = postSolution
		{BC0E2415-6392-4A7D-A04E-8456D42457B3}.Debug|Any CPU.ActiveCfg = Debug|Any CPU
		{BC0E2415-6392-4A7D-A04E-8456D42457B3}.Debug|Any CPU.Build.0 = Debug|Any CPU
		{BC0E2415-6392-4A7D-A04E-8456D42457B3}.Release|Any CPU.ActiveCfg = Release|Any CPU
		{BC0E2415-6392-4A7D-A04E-8456D42457B3}.Release|Any CPU.Build.0 = Release|Any CPU
		{39581A48-633D-46C5-8A5B-D890DF66AB5B}.Debug|Any CPU.ActiveCfg = Debug|Any CPU
		{39581A48-633D-46C5-8A5B-D890DF66AB5B}.Debug|Any CPU.Build.0 = Debug|Any CPU
		{39581A48-633D-46C5-8A5B-D890DF66AB5B}.Release|Any CPU.ActiveCfg = Release|Any CPU
		{39581A48-633D-46C5-8A5B-D890DF66AB5B}.Release|Any CPU.Build.0 = Release|Any CPU
		{748D6B54-836A-4E10-B71A-A2FDD65D58D6}.Debug|Any CPU.ActiveCfg = Debug|Any CPU
		{748D6B54-836A-4E10-B71A-A2FDD65D58D6}.Debug|Any CPU.Build.0 = Debug|Any CPU
		{748D6B54-836A-4E10-B71A-A2FDD65D58D6}.Release|Any CPU.ActiveCfg = Release|Any CPU
		{748D6B54-836A-4E10-B71A-A2FDD65D58D6}.Release|Any CPU.Build.0 = Release|Any CPU
		{F1B66B4B-4772-4858-8576-774FB6A57992}.Debug|Any CPU.ActiveCfg = Debug|Any CPU
		{F1B66B4B-4772-4858-8576-774FB6A57992}.Debug|Any CPU.Build.0 = Debug|Any CPU
		{F1B66B4B-4772-4858-8576-774FB6A57992}.Release|Any CPU.ActiveCfg = Release|Any CPU
		{F1B66B4B-4772-4858-8576-774FB6A57992}.Release|Any CPU.Build.0 = Release|Any CPU
	EndGlobalSection
	GlobalSection(SolutionProperties) = preSolution
		HideSolutionNode = FALSE
	EndGlobalSection
	GlobalSection(ExtensibilityGlobals) = postSolution
		SolutionGuid = {D283E487-16C7-4316-983A-88B200DAEB8D}
	EndGlobalSection
EndGlobal
